
Microsoft Visual Studio Solution File, Format Version 12.00
# Visual Studio Version 16
VisualStudioVersion = 16.0.31515.178
MinimumVisualStudioVersion = 10.0.40219.1
Project("{FAE04EC0-301F-11D3-BF4B-00C04F79EFBC}") = "TrimVideoExample", "TrimVideoExample\TrimVideoExample.csproj", "{2C2EB8B3-7591-4F04-8D56-7DB8A57628EF}"
EndProject
Global
	GlobalSection(SolutionConfigurationPlatforms) = preSolution
		Debug|Any CPU = Debug|Any CPU
		Release|Any CPU = Release|Any CPU
	EndGlobalSection
	GlobalSection(ProjectConfigurationPlatforms) = postSolution
		{2C2EB8B3-7591-4F04-8D56-7DB8A57628EF}.Debug|Any CPU.ActiveCfg = Debug|Any CPU
		{2C2EB8B3-7591-4F04-8D56-7DB8A57628EF}.Debug|Any CPU.Build.0 = Debug|Any CPU
		{2C2EB8B3-7591-4F04-8D56-7DB8A57628EF}.Release|Any CPU.ActiveCfg = Release|Any CPU
		{2C2EB8B3-7591-4F04-8D56-7DB8A57628EF}.Release|Any CPU.Build.0 = Release|Any CPU
	EndGlobalSection
	GlobalSection(SolutionProperties) = preSolution
		HideSolutionNode = FALSE
	EndGlobalSection
	GlobalSection(ExtensibilityGlobals) = postSolution
		SolutionGuid = {E0F1AB85-FEC9-4EA6-BFAC-459DC6713BB9}
	EndGlobalSection
EndGlobal
